
Microsoft Visual Studio Solution File, Format Version 12.00
# Visual Studio Version 17
VisualStudioVersion = 17.9.34728.123
MinimumVisualStudioVersion = 10.0.40219.1
Project("{FAE04EC0-301F-11D3-BF4B-00C04F79EFBC}") = "Demonstration _02", "Demonstration _02\Demonstration _02.csproj", "{901A2306-CA0C-4418-889B-D6391263D889}"
EndProject
Global
	GlobalSection(SolutionConfigurationPlatforms) = preSolution
		Debug|Any CPU = Debug|Any CPU
		Release|Any CPU = Release|Any CPU
	EndGlobalSection
	GlobalSection(ProjectConfigurationPlatforms) = postSolution
		{901A2306-CA0C-4418-889B-D6391263D889}.Debug|Any CPU.ActiveCfg = Debug|Any CPU
		{901A2306-CA0C-4418-889B-D6391263D889}.Debug|Any CPU.Build.0 = Debug|Any CPU
		{901A2306-CA0C-4418-889B-D6391263D889}.Release|Any CPU.ActiveCfg = Release|Any CPU
		{901A2306-CA0C-4418-889B-D6391263D889}.Release|Any CPU.Build.0 = Release|Any CPU
	EndGlobalSection
	GlobalSection(SolutionProperties) = preSolution
		HideSolutionNode = FALSE
	EndGlobalSection
	GlobalSection(ExtensibilityGlobals) = postSolution
		SolutionGuid = {583F48A0-D1AA-4C83-ABCC-6FB898B2264E}
	EndGlobalSection
EndGlobal
